// !$*UTF8*$!
{
	archiveVersion = 1;
	classes = {
	};
	objectVersion = 55;
	objects = {

/* Begin PBXBuildFile section */
		703B6694287C53D7006A7DC2 /* HomeViewModel.swift in Sources */ = {isa = PBXBuildFile; fileRef = 703B668B287C53D7006A7DC2 /* HomeViewModel.swift */; };
		703B6695287C53D7006A7DC2 /* BookMarkViewModel.swift in Sources */ = {isa = PBXBuildFile; fileRef = 703B668D287C53D7006A7DC2 /* BookMarkViewModel.swift */; };
		703B6696287C53D7006A7DC2 /* LoginViewModel.swift in Sources */ = {isa = PBXBuildFile; fileRef = 703B668F287C53D7006A7DC2 /* LoginViewModel.swift */; };
		703B6697287C53D7006A7DC2 /* ForgotPasswordModel.swift in Sources */ = {isa = PBXBuildFile; fileRef = 703B6691287C53D7006A7DC2 /* ForgotPasswordModel.swift */; };
		703B6698287C53D7006A7DC2 /* SignUpViewModel.swift in Sources */ = {isa = PBXBuildFile; fileRef = 703B6693287C53D7006A7DC2 /* SignUpViewModel.swift */; };
		703B66AC287C53F5006A7DC2 /* bookMarkMovieClCell.swift in Sources */ = {isa = PBXBuildFile; fileRef = 703B669A287C53F4006A7DC2 /* bookMarkMovieClCell.swift */; };
		703B66AD287C53F5006A7DC2 /* treandingMoviesClCell.swift in Sources */ = {isa = PBXBuildFile; fileRef = 703B669B287C53F4006A7DC2 /* treandingMoviesClCell.swift */; };
		703B66AE287C53F5006A7DC2 /* SignUpView.swift in Sources */ = {isa = PBXBuildFile; fileRef = 703B669D287C53F5006A7DC2 /* SignUpView.swift */; };
		703B66AF287C53F5006A7DC2 /* BookMarkView.swift in Sources */ = {isa = PBXBuildFile; fileRef = 703B669F287C53F5006A7DC2 /* BookMarkView.swift */; };
		703B66B0287C53F5006A7DC2 /* LoginView.swift in Sources */ = {isa = PBXBuildFile; fileRef = 703B66A1287C53F5006A7DC2 /* LoginView.swift */; };
		703B66B1287C53F5006A7DC2 /* MovieDetailsView.swift in Sources */ = {isa = PBXBuildFile; fileRef = 703B66A3287C53F5006A7DC2 /* MovieDetailsView.swift */; };
		703B66B2287C53F5006A7DC2 /* HomeView.swift in Sources */ = {isa = PBXBuildFile; fileRef = 703B66A5287C53F5006A7DC2 /* HomeView.swift */; };
		703B66B3287C53F5006A7DC2 /* ForgotPasswordView.swift in Sources */ = {isa = PBXBuildFile; fileRef = 703B66A7287C53F5006A7DC2 /* ForgotPasswordView.swift */; };
		703B66B4287C53F5006A7DC2 /* customBtnTblCell.swift in Sources */ = {isa = PBXBuildFile; fileRef = 703B66A9287C53F5006A7DC2 /* customBtnTblCell.swift */; };
		703B66B5287C53F5006A7DC2 /* customTxtFieldTblCell.swift in Sources */ = {isa = PBXBuildFile; fileRef = 703B66AA287C53F5006A7DC2 /* customTxtFieldTblCell.swift */; };
		703B66B6287C53F5006A7DC2 /* customLableTblCell.swift in Sources */ = {isa = PBXBuildFile; fileRef = 703B66AB287C53F5006A7DC2 /* customLableTblCell.swift */; };
		703B66C5287C5409006A7DC2 /* HomeVC.swift in Sources */ = {isa = PBXBuildFile; fileRef = 703B66B8287C5409006A7DC2 /* HomeVC.swift */; };
		703B66C6287C5409006A7DC2 /* SignUpVC.swift in Sources */ = {isa = PBXBuildFile; fileRef = 703B66BA287C5409006A7DC2 /* SignUpVC.swift */; };
		703B66C7287C5409006A7DC2 /* ForgotPasswordVC.swift in Sources */ = {isa = PBXBuildFile; fileRef = 703B66BC287C5409006A7DC2 /* ForgotPasswordVC.swift */; };
		703B66C8287C5409006A7DC2 /* BookMarkVC.swift in Sources */ = {isa = PBXBuildFile; fileRef = 703B66BE287C5409006A7DC2 /* BookMarkVC.swift */; };
		703B66C9287C5409006A7DC2 /* MovieDetailsVC.swift in Sources */ = {isa = PBXBuildFile; fileRef = 703B66C0287C5409006A7DC2 /* MovieDetailsVC.swift */; };
		703B66CA287C5409006A7DC2 /* LoginVC.swift in Sources */ = {isa = PBXBuildFile; fileRef = 703B66C2287C5409006A7DC2 /* LoginVC.swift */; };
		703B66CB287C5409006A7DC2 /* TabBarVC.swift in Sources */ = {isa = PBXBuildFile; fileRef = 703B66C4287C5409006A7DC2 /* TabBarVC.swift */; };
		7055567E287C313600631D63 /* GoogleService-Info.plist in Resources */ = {isa = PBXBuildFile; fileRef = 70555649287C313600631D63 /* GoogleService-Info.plist */; };
		7055567F287C313600631D63 /* LaunchScreen.storyboard in Resources */ = {isa = PBXBuildFile; fileRef = 7055564A287C313600631D63 /* LaunchScreen.storyboard */; };
		70555681287C313600631D63 /* CreateUserModel.swift in Sources */ = {isa = PBXBuildFile; fileRef = 7055564F287C313600631D63 /* CreateUserModel.swift */; };
		70555684287C313600631D63 /* AppDelegate.swift in Sources */ = {isa = PBXBuildFile; fileRef = 70555655287C313600631D63 /* AppDelegate.swift */; };
		70555685287C313600631D63 /* Config.swift in Sources */ = {isa = PBXBuildFile; fileRef = 70555658287C313600631D63 /* Config.swift */; };
		70555686287C313600631D63 /* CustomAlert.swift in Sources */ = {isa = PBXBuildFile; fileRef = 7055565B287C313600631D63 /* CustomAlert.swift */; };
		70555687287C313600631D63 /* CustomLabel.swift in Sources */ = {isa = PBXBuildFile; fileRef = 7055565D287C313600631D63 /* CustomLabel.swift */; };
		70555688287C313600631D63 /* CustomButton.swift in Sources */ = {isa = PBXBuildFile; fileRef = 7055565F287C313600631D63 /* CustomButton.swift */; };
		70555689287C313600631D63 /* CustomView.swift in Sources */ = {isa = PBXBuildFile; fileRef = 70555661287C313600631D63 /* CustomView.swift */; };
		7055568A287C313600631D63 /* CustomTextField.swift in Sources */ = {isa = PBXBuildFile; fileRef = 70555663287C313600631D63 /* CustomTextField.swift */; };
		7055568B287C313600631D63 /* CustomExtenstion.swift in Sources */ = {isa = PBXBuildFile; fileRef = 70555665287C313600631D63 /* CustomExtenstion.swift */; };
		7055568C287C313600631D63 /* Constant.swift in Sources */ = {isa = PBXBuildFile; fileRef = 70555667287C313600631D63 /* Constant.swift */; };
		7055568D287C313600631D63 /* Raleway-Medium.ttf in Resources */ = {isa = PBXBuildFile; fileRef = 70555669287C313600631D63 /* Raleway-Medium.ttf */; };
		7055568E287C313600631D63 /* Raleway-Regular.ttf in Resources */ = {isa = PBXBuildFile; fileRef = 7055566A287C313600631D63 /* Raleway-Regular.ttf */; };
		7055568F287C313600631D63 /* Raleway-Light.ttf in Resources */ = {isa = PBXBuildFile; fileRef = 7055566B287C313600631D63 /* Raleway-Light.ttf */; };
		70555690287C313600631D63 /* Raleway-Black.ttf in Resources */ = {isa = PBXBuildFile; fileRef = 7055566C287C313600631D63 /* Raleway-Black.ttf */; };
		70555691287C313600631D63 /* Raleway-Bold.ttf in Resources */ = {isa = PBXBuildFile; fileRef = 7055566D287C313600631D63 /* Raleway-Bold.ttf */; };
		70555692287C313600631D63 /* Validation.swift in Sources */ = {isa = PBXBuildFile; fileRef = 7055566F287C313600631D63 /* Validation.swift */; };
		70555693287C313600631D63 /* ViewControllerIndentifier.swift in Sources */ = {isa = PBXBuildFile; fileRef = 70555670287C313600631D63 /* ViewControllerIndentifier.swift */; };
		70555694287C313600631D63 /* Utility.swift in Sources */ = {isa = PBXBuildFile; fileRef = 70555672287C313600631D63 /* Utility.swift */; };
		70555696287C313600631D63 /* FirebaseAuthService.swift in Sources */ = {isa = PBXBuildFile; fileRef = 70555676287C313600631D63 /* FirebaseAuthService.swift */; };
		70555697287C313600631D63 /* BaseService.swift in Sources */ = {isa = PBXBuildFile; fileRef = 70555678287C313600631D63 /* BaseService.swift */; };
		70555698287C313600631D63 /* LoginService.swift in Sources */ = {isa = PBXBuildFile; fileRef = 70555679287C313600631D63 /* LoginService.swift */; };
		70555699287C313600631D63 /* SceneDelegate.swift in Sources */ = {isa = PBXBuildFile; fileRef = 7055567A287C313600631D63 /* SceneDelegate.swift */; };
		7055569B287C358A00631D63 /* Assets.xcassets in Resources */ = {isa = PBXBuildFile; fileRef = 70555648287C313600631D63 /* Assets.xcassets */; };
		70D0FA34287D794D0063ECE3 /* Main.storyboard in Resources */ = {isa = PBXBuildFile; fileRef = 70D0FA33287D794C0063ECE3 /* Main.storyboard */; };
		A3E117D6BD637F9FA29D243F /* Pods_RxTreandingMoviesTests.framework in Frameworks */ = {isa = PBXBuildFile; fileRef = 584592C5C6BEC9563B9090BE /* Pods_RxTreandingMoviesTests.framework */; };
		BBD7C96B8E2B0593505555EC /* Pods_RxTreandingMovies.framework in Frameworks */ = {isa = PBXBuildFile; fileRef = 7627410CEEB38D82950DEEE2 /* Pods_RxTreandingMovies.framework */; };
		D6FA61C1286DD30A002FBC4E /* RxManagementTests.swift in Sources */ = {isa = PBXBuildFile; fileRef = D6FA61C0286DD30A002FBC4E /* RxManagementTests.swift */; };
		D6FA61CB286DD30A002FBC4E /* RxManagementUITests.swift in Sources */ = {isa = PBXBuildFile; fileRef = D6FA61CA286DD30A002FBC4E /* RxManagementUITests.swift */; };
		D6FA61CD286DD30A002FBC4E /* RxManagementUITestsLaunchTests.swift in Sources */ = {isa = PBXBuildFile; fileRef = D6FA61CC286DD30A002FBC4E /* RxManagementUITestsLaunchTests.swift */; };
		DCA15682FE122AEE62B0E345 /* Pods_RxTreandingMovies_RxTreandingMoviesUITests.framework in Frameworks */ = {isa = PBXBuildFile; fileRef = 5F3CE83F8F62DE3C94FB3CB7 /* Pods_RxTreandingMovies_RxTreandingMoviesUITests.framework */; };
/* End PBXBuildFile section */

/* Begin PBXContainerItemProxy section */
		D6FA61BD286DD30A002FBC4E /* PBXContainerItemProxy */ = {
			isa = PBXContainerItemProxy;
			containerPortal = D6FA619E286DD308002FBC4E /* Project object */;
			proxyType = 1;
			remoteGlobalIDString = D6FA61A5286DD308002FBC4E;
			remoteInfo = RxManagement;
		};
		D6FA61C7286DD30A002FBC4E /* PBXContainerItemProxy */ = {
			isa = PBXContainerItemProxy;
			containerPortal = D6FA619E286DD308002FBC4E /* Project object */;
			proxyType = 1;
			remoteGlobalIDString = D6FA61A5286DD308002FBC4E;
			remoteInfo = RxManagement;
		};
/* End PBXContainerItemProxy section */

/* Begin PBXFileReference section */
		0380B74535FD9B187F3369E5 /* Pods-RxManagement.debug.xcconfig */ = {isa = PBXFileReference; includeInIndex = 1; lastKnownFileType = text.xcconfig; name = "Pods-RxManagement.debug.xcconfig"; path = "Target Support Files/Pods-RxManagement/Pods-RxManagement.debug.xcconfig"; sourceTree = "<group>"; };
		2852DB521677D0CA6C752E7B /* Pods-RxTreandingMoviesTests.debug.xcconfig */ = {isa = PBXFileReference; includeInIndex = 1; lastKnownFileType = text.xcconfig; name = "Pods-RxTreandingMoviesTests.debug.xcconfig"; path = "Target Support Files/Pods-RxTreandingMoviesTests/Pods-RxTreandingMoviesTests.debug.xcconfig"; sourceTree = "<group>"; };
		287DF4E5D494BC0B1CA88915 /* Pods-RxTreandingMovies-RxTreandingMoviesUITests.debug.xcconfig */ = {isa = PBXFileReference; includeInIndex = 1; lastKnownFileType = text.xcconfig; name = "Pods-RxTreandingMovies-RxTreandingMoviesUITests.debug.xcconfig"; path = "Target Support Files/Pods-RxTreandingMovies-RxTreandingMoviesUITests/Pods-RxTreandingMovies-RxTreandingMoviesUITests.debug.xcconfig"; sourceTree = "<group>"; };
		3B4D6DFCE86B0D2BAC2411E9 /* Pods-RxManagement-RxManagementUITests.debug.xcconfig */ = {isa = PBXFileReference; includeInIndex = 1; lastKnownFileType = text.xcconfig; name = "Pods-RxManagement-RxManagementUITests.debug.xcconfig"; path = "Target Support Files/Pods-RxManagement-RxManagementUITests/Pods-RxManagement-RxManagementUITests.debug.xcconfig"; sourceTree = "<group>"; };
		49B7589B53339CEB6A866EDC /* Pods-RxManagementTests.debug.xcconfig */ = {isa = PBXFileReference; includeInIndex = 1; lastKnownFileType = text.xcconfig; name = "Pods-RxManagementTests.debug.xcconfig"; path = "Target Support Files/Pods-RxManagementTests/Pods-RxManagementTests.debug.xcconfig"; sourceTree = "<group>"; };
		584592C5C6BEC9563B9090BE /* Pods_RxTreandingMoviesTests.framework */ = {isa = PBXFileReference; explicitFileType = wrapper.framework; includeInIndex = 0; path = Pods_RxTreandingMoviesTests.framework; sourceTree = BUILT_PRODUCTS_DIR; };
		5AB064102D53F2FA1B454381 /* Pods-RxManagement.release.xcconfig */ = {isa = PBXFileReference; includeInIndex = 1; lastKnownFileType = text.xcconfig; name = "Pods-RxManagement.release.xcconfig"; path = "Target Support Files/Pods-RxManagement/Pods-RxManagement.release.xcconfig"; sourceTree = "<group>"; };
		5F3CE83F8F62DE3C94FB3CB7 /* Pods_RxTreandingMovies_RxTreandingMoviesUITests.framework */ = {isa = PBXFileReference; explicitFileType = wrapper.framework; includeInIndex = 0; path = Pods_RxTreandingMovies_RxTreandingMoviesUITests.framework; sourceTree = BUILT_PRODUCTS_DIR; };
		703B668B287C53D7006A7DC2 /* HomeViewModel.swift */ = {isa = PBXFileReference; fileEncoding = 4; lastKnownFileType = sourcecode.swift; path = HomeViewModel.swift; sourceTree = "<group>"; };
		703B668D287C53D7006A7DC2 /* BookMarkViewModel.swift */ = {isa = PBXFileReference; fileEncoding = 4; lastKnownFileType = sourcecode.swift; path = BookMarkViewModel.swift; sourceTree = "<group>"; };
		703B668F287C53D7006A7DC2 /* LoginViewModel.swift */ = {isa = PBXFileReference; fileEncoding = 4; lastKnownFileType = sourcecode.swift; path = LoginViewModel.swift; sourceTree = "<group>"; };
		703B6691287C53D7006A7DC2 /* ForgotPasswordModel.swift */ = {isa = PBXFileReference; fileEncoding = 4; lastKnownFileType = sourcecode.swift; path = ForgotPasswordModel.swift; sourceTree = "<group>"; };
		703B6693287C53D7006A7DC2 /* SignUpViewModel.swift */ = {isa = PBXFileReference; fileEncoding = 4; lastKnownFileType = sourcecode.swift; path = SignUpViewModel.swift; sourceTree = "<group>"; };
		703B669A287C53F4006A7DC2 /* bookMarkMovieClCell.swift */ = {isa = PBXFileReference; fileEncoding = 4; lastKnownFileType = sourcecode.swift; path = bookMarkMovieClCell.swift; sourceTree = "<group>"; };
		703B669B287C53F4006A7DC2 /* treandingMoviesClCell.swift */ = {isa = PBXFileReference; fileEncoding = 4; lastKnownFileType = sourcecode.swift; path = treandingMoviesClCell.swift; sourceTree = "<group>"; };
		703B669D287C53F5006A7DC2 /* SignUpView.swift */ = {isa = PBXFileReference; fileEncoding = 4; lastKnownFileType = sourcecode.swift; path = SignUpView.swift; sourceTree = "<group>"; };
		703B669F287C53F5006A7DC2 /* BookMarkView.swift */ = {isa = PBXFileReference; fileEncoding = 4; lastKnownFileType = sourcecode.swift; path = BookMarkView.swift; sourceTree = "<group>"; };
		703B66A1287C53F5006A7DC2 /* LoginView.swift */ = {isa = PBXFileReference; fileEncoding = 4; lastKnownFileType = sourcecode.swift; path = LoginView.swift; sourceTree = "<group>"; };
		703B66A3287C53F5006A7DC2 /* MovieDetailsView.swift */ = {isa = PBXFileReference; fileEncoding = 4; lastKnownFileType = sourcecode.swift; path = MovieDetailsView.swift; sourceTree = "<group>"; };
		703B66A5287C53F5006A7DC2 /* HomeView.swift */ = {isa = PBXFileReference; fileEncoding = 4; lastKnownFileType = sourcecode.swift; path = HomeView.swift; sourceTree = "<group>"; };
		703B66A7287C53F5006A7DC2 /* ForgotPasswordView.swift */ = {isa = PBXFileReference; fileEncoding = 4; lastKnownFileType = sourcecode.swift; path = ForgotPasswordView.swift; sourceTree = "<group>"; };
		703B66A9287C53F5006A7DC2 /* customBtnTblCell.swift */ = {isa = PBXFileReference; fileEncoding = 4; lastKnownFileType = sourcecode.swift; path = customBtnTblCell.swift; sourceTree = "<group>"; };
		703B66AA287C53F5006A7DC2 /* customTxtFieldTblCell.swift */ = {isa = PBXFileReference; fileEncoding = 4; lastKnownFileType = sourcecode.swift; path = customTxtFieldTblCell.swift; sourceTree = "<group>"; };
		703B66AB287C53F5006A7DC2 /* customLableTblCell.swift */ = {isa = PBXFileReference; fileEncoding = 4; lastKnownFileType = sourcecode.swift; path = customLableTblCell.swift; sourceTree = "<group>"; };
		703B66B8287C5409006A7DC2 /* HomeVC.swift */ = {isa = PBXFileReference; fileEncoding = 4; lastKnownFileType = sourcecode.swift; path = HomeVC.swift; sourceTree = "<group>"; };
		703B66BA287C5409006A7DC2 /* SignUpVC.swift */ = {isa = PBXFileReference; fileEncoding = 4; lastKnownFileType = sourcecode.swift; path = SignUpVC.swift; sourceTree = "<group>"; };
		703B66BC287C5409006A7DC2 /* ForgotPasswordVC.swift */ = {isa = PBXFileReference; fileEncoding = 4; lastKnownFileType = sourcecode.swift; path = ForgotPasswordVC.swift; sourceTree = "<group>"; };
		703B66BE287C5409006A7DC2 /* BookMarkVC.swift */ = {isa = PBXFileReference; fileEncoding = 4; lastKnownFileType = sourcecode.swift; path = BookMarkVC.swift; sourceTree = "<group>"; };
		703B66C0287C5409006A7DC2 /* MovieDetailsVC.swift */ = {isa = PBXFileReference; fileEncoding = 4; lastKnownFileType = sourcecode.swift; path = MovieDetailsVC.swift; sourceTree = "<group>"; };
		703B66C2287C5409006A7DC2 /* LoginVC.swift */ = {isa = PBXFileReference; fileEncoding = 4; lastKnownFileType = sourcecode.swift; path = LoginVC.swift; sourceTree = "<group>"; };
		703B66C4287C5409006A7DC2 /* TabBarVC.swift */ = {isa = PBXFileReference; fileEncoding = 4; lastKnownFileType = sourcecode.swift; path = TabBarVC.swift; sourceTree = "<group>"; };
		70555648287C313600631D63 /* Assets.xcassets */ = {isa = PBXFileReference; lastKnownFileType = folder.assetcatalog; path = Assets.xcassets; sourceTree = "<group>"; };
		70555649287C313600631D63 /* GoogleService-Info.plist */ = {isa = PBXFileReference; fileEncoding = 4; lastKnownFileType = text.plist.xml; path = "GoogleService-Info.plist"; sourceTree = "<group>"; };
		7055564B287C313600631D63 /* Base */ = {isa = PBXFileReference; lastKnownFileType = file.storyboard; name = Base; path = Base.lproj/LaunchScreen.storyboard; sourceTree = "<group>"; };
		7055564F287C313600631D63 /* CreateUserModel.swift */ = {isa = PBXFileReference; fileEncoding = 4; lastKnownFileType = sourcecode.swift; path = CreateUserModel.swift; sourceTree = "<group>"; };
		70555655287C313600631D63 /* AppDelegate.swift */ = {isa = PBXFileReference; fileEncoding = 4; lastKnownFileType = sourcecode.swift; path = AppDelegate.swift; sourceTree = "<group>"; };
		70555658287C313600631D63 /* Config.swift */ = {isa = PBXFileReference; fileEncoding = 4; lastKnownFileType = sourcecode.swift; path = Config.swift; sourceTree = "<group>"; };
		7055565B287C313600631D63 /* CustomAlert.swift */ = {isa = PBXFileReference; fileEncoding = 4; lastKnownFileType = sourcecode.swift; path = CustomAlert.swift; sourceTree = "<group>"; };
		7055565D287C313600631D63 /* CustomLabel.swift */ = {isa = PBXFileReference; fileEncoding = 4; lastKnownFileType = sourcecode.swift; path = CustomLabel.swift; sourceTree = "<group>"; };
		7055565F287C313600631D63 /* CustomButton.swift */ = {isa = PBXFileReference; fileEncoding = 4; lastKnownFileType = sourcecode.swift; path = CustomButton.swift; sourceTree = "<group>"; };
		70555661287C313600631D63 /* CustomView.swift */ = {isa = PBXFileReference; fileEncoding = 4; lastKnownFileType = sourcecode.swift; path = CustomView.swift; sourceTree = "<group>"; };
		70555663287C313600631D63 /* CustomTextField.swift */ = {isa = PBXFileReference; fileEncoding = 4; lastKnownFileType = sourcecode.swift; path = CustomTextField.swift; sourceTree = "<group>"; };
		70555665287C313600631D63 /* CustomExtenstion.swift */ = {isa = PBXFileReference; fileEncoding = 4; lastKnownFileType = sourcecode.swift; path = CustomExtenstion.swift; sourceTree = "<group>"; };
		70555667287C313600631D63 /* Constant.swift */ = {isa = PBXFileReference; fileEncoding = 4; lastKnownFileType = sourcecode.swift; path = Constant.swift; sourceTree = "<group>"; };
		70555669287C313600631D63 /* Raleway-Medium.ttf */ = {isa = PBXFileReference; lastKnownFileType = file; path = "Raleway-Medium.ttf"; sourceTree = "<group>"; };
		7055566A287C313600631D63 /* Raleway-Regular.ttf */ = {isa = PBXFileReference; lastKnownFileType = file; path = "Raleway-Regular.ttf"; sourceTree = "<group>"; };
		7055566B287C313600631D63 /* Raleway-Light.ttf */ = {isa = PBXFileReference; lastKnownFileType = file; path = "Raleway-Light.ttf"; sourceTree = "<group>"; };
		7055566C287C313600631D63 /* Raleway-Black.ttf */ = {isa = PBXFileReference; lastKnownFileType = file; path = "Raleway-Black.ttf"; sourceTree = "<group>"; };
		7055566D287C313600631D63 /* Raleway-Bold.ttf */ = {isa = PBXFileReference; lastKnownFileType = file; path = "Raleway-Bold.ttf"; sourceTree = "<group>"; };
		7055566F287C313600631D63 /* Validation.swift */ = {isa = PBXFileReference; fileEncoding = 4; lastKnownFileType = sourcecode.swift; path = Validation.swift; sourceTree = "<group>"; };
		70555670287C313600631D63 /* ViewControllerIndentifier.swift */ = {isa = PBXFileReference; fileEncoding = 4; lastKnownFileType = sourcecode.swift; path = ViewControllerIndentifier.swift; sourceTree = "<group>"; };
		70555672287C313600631D63 /* Utility.swift */ = {isa = PBXFileReference; fileEncoding = 4; lastKnownFileType = sourcecode.swift; path = Utility.swift; sourceTree = "<group>"; };
		70555673287C313600631D63 /* Info.plist */ = {isa = PBXFileReference; fileEncoding = 4; lastKnownFileType = text.plist.xml; path = Info.plist; sourceTree = "<group>"; };
		70555676287C313600631D63 /* FirebaseAuthService.swift */ = {isa = PBXFileReference; fileEncoding = 4; lastKnownFileType = sourcecode.swift; path = FirebaseAuthService.swift; sourceTree = "<group>"; };
		70555678287C313600631D63 /* BaseService.swift */ = {isa = PBXFileReference; fileEncoding = 4; lastKnownFileType = sourcecode.swift; path = BaseService.swift; sourceTree = "<group>"; };
		70555679287C313600631D63 /* LoginService.swift */ = {isa = PBXFileReference; fileEncoding = 4; lastKnownFileType = sourcecode.swift; path = LoginService.swift; sourceTree = "<group>"; };
		7055567A287C313600631D63 /* SceneDelegate.swift */ = {isa = PBXFileReference; fileEncoding = 4; lastKnownFileType = sourcecode.swift; path = SceneDelegate.swift; sourceTree = "<group>"; };
		70D0FA33287D794C0063ECE3 /* Main.storyboard */ = {isa = PBXFileReference; fileEncoding = 4; lastKnownFileType = file.storyboard; path = Main.storyboard; sourceTree = "<group>"; };
		7627410CEEB38D82950DEEE2 /* Pods_RxTreandingMovies.framework */ = {isa = PBXFileReference; explicitFileType = wrapper.framework; includeInIndex = 0; path = Pods_RxTreandingMovies.framework; sourceTree = BUILT_PRODUCTS_DIR; };
		7C5F2247B7F205B189DF89AB /* Pods-RxTreandingMovies.release.xcconfig */ = {isa = PBXFileReference; includeInIndex = 1; lastKnownFileType = text.xcconfig; name = "Pods-RxTreandingMovies.release.xcconfig"; path = "Target Support Files/Pods-RxTreandingMovies/Pods-RxTreandingMovies.release.xcconfig"; sourceTree = "<group>"; };
		A8E2B3E9974B74FE430555B0 /* Pods-RxManagement-RxManagementUITests.release.xcconfig */ = {isa = PBXFileReference; includeInIndex = 1; lastKnownFileType = text.xcconfig; name = "Pods-RxManagement-RxManagementUITests.release.xcconfig"; path = "Target Support Files/Pods-RxManagement-RxManagementUITests/Pods-RxManagement-RxManagementUITests.release.xcconfig"; sourceTree = "<group>"; };
		B5863148EB16D4B285FA656E /* Pods-RxTreandingMoviesTests.release.xcconfig */ = {isa = PBXFileReference; includeInIndex = 1; lastKnownFileType = text.xcconfig; name = "Pods-RxTreandingMoviesTests.release.xcconfig"; path = "Target Support Files/Pods-RxTreandingMoviesTests/Pods-RxTreandingMoviesTests.release.xcconfig"; sourceTree = "<group>"; };
		D270822A4E691413963A86EB /* Pods-RxTreandingMovies-RxTreandingMoviesUITests.release.xcconfig */ = {isa = PBXFileReference; includeInIndex = 1; lastKnownFileType = text.xcconfig; name = "Pods-RxTreandingMovies-RxTreandingMoviesUITests.release.xcconfig"; path = "Target Support Files/Pods-RxTreandingMovies-RxTreandingMoviesUITests/Pods-RxTreandingMovies-RxTreandingMoviesUITests.release.xcconfig"; sourceTree = "<group>"; };
		D6FA61A6286DD308002FBC4E /* RxTreandingMovies.app */ = {isa = PBXFileReference; explicitFileType = wrapper.application; includeInIndex = 0; path = RxTreandingMovies.app; sourceTree = BUILT_PRODUCTS_DIR; };
		D6FA61BC286DD30A002FBC4E /* RxTreandingMoviesTests.xctest */ = {isa = PBXFileReference; explicitFileType = wrapper.cfbundle; includeInIndex = 0; path = RxTreandingMoviesTests.xctest; sourceTree = BUILT_PRODUCTS_DIR; };
		D6FA61C0286DD30A002FBC4E /* RxManagementTests.swift */ = {isa = PBXFileReference; lastKnownFileType = sourcecode.swift; path = RxManagementTests.swift; sourceTree = "<group>"; };
		D6FA61C6286DD30A002FBC4E /* RxTreandingMoviesUITests.xctest */ = {isa = PBXFileReference; explicitFileType = wrapper.cfbundle; includeInIndex = 0; path = RxTreandingMoviesUITests.xctest; sourceTree = BUILT_PRODUCTS_DIR; };
		D6FA61CA286DD30A002FBC4E /* RxManagementUITests.swift */ = {isa = PBXFileReference; lastKnownFileType = sourcecode.swift; path = RxManagementUITests.swift; sourceTree = "<group>"; };
		D6FA61CC286DD30A002FBC4E /* RxManagementUITestsLaunchTests.swift */ = {isa = PBXFileReference; lastKnownFileType = sourcecode.swift; path = RxManagementUITestsLaunchTests.swift; sourceTree = "<group>"; };
		E1FE836C3270C4EDCB032A47 /* Pods-RxTreandingMovies.debug.xcconfig */ = {isa = PBXFileReference; includeInIndex = 1; lastKnownFileType = text.xcconfig; name = "Pods-RxTreandingMovies.debug.xcconfig"; path = "Target Support Files/Pods-RxTreandingMovies/Pods-RxTreandingMovies.debug.xcconfig"; sourceTree = "<group>"; };
		FE5F7D89A3A927955A1B80C7 /* Pods-RxManagementTests.release.xcconfig */ = {isa = PBXFileReference; includeInIndex = 1; lastKnownFileType = text.xcconfig; name = "Pods-RxManagementTests.release.xcconfig"; path = "Target Support Files/Pods-RxManagementTests/Pods-RxManagementTests.release.xcconfig"; sourceTree = "<group>"; };
/* End PBXFileReference section */

/* Begin PBXFrameworksBuildPhase section */
		D6FA61A3286DD308002FBC4E /* Frameworks */ = {
			isa = PBXFrameworksBuildPhase;
			buildActionMask = 2147483647;
			files = (
				BBD7C96B8E2B0593505555EC /* Pods_RxTreandingMovies.framework in Frameworks */,
			);
			runOnlyForDeploymentPostprocessing = 0;
		};
		D6FA61B9286DD30A002FBC4E /* Frameworks */ = {
			isa = PBXFrameworksBuildPhase;
			buildActionMask = 2147483647;
			files = (
				A3E117D6BD637F9FA29D243F /* Pods_RxTreandingMoviesTests.framework in Frameworks */,
			);
			runOnlyForDeploymentPostprocessing = 0;
		};
		D6FA61C3286DD30A002FBC4E /* Frameworks */ = {
			isa = PBXFrameworksBuildPhase;
			buildActionMask = 2147483647;
			files = (
				DCA15682FE122AEE62B0E345 /* Pods_RxTreandingMovies_RxTreandingMoviesUITests.framework in Frameworks */,
			);
			runOnlyForDeploymentPostprocessing = 0;
		};
/* End PBXFrameworksBuildPhase section */

/* Begin PBXGroup section */
		703B668A287C53D7006A7DC2 /* HomeViewModel */ = {
			isa = PBXGroup;
			children = (
				703B668B287C53D7006A7DC2 /* HomeViewModel.swift */,
			);
			path = HomeViewModel;
			sourceTree = "<group>";
		};
		703B668C287C53D7006A7DC2 /* BookMarkViewModel */ = {
			isa = PBXGroup;
			children = (
				703B668D287C53D7006A7DC2 /* BookMarkViewModel.swift */,
			);
			path = BookMarkViewModel;
			sourceTree = "<group>";
		};
		703B668E287C53D7006A7DC2 /* LoginViewModel */ = {
			isa = PBXGroup;
			children = (
				703B668F287C53D7006A7DC2 /* LoginViewModel.swift */,
			);
			path = LoginViewModel;
			sourceTree = "<group>";
		};
		703B6690287C53D7006A7DC2 /* ForgotPasswordModel */ = {
			isa = PBXGroup;
			children = (
				703B6691287C53D7006A7DC2 /* ForgotPasswordModel.swift */,
			);
			path = ForgotPasswordModel;
			sourceTree = "<group>";
		};
		703B6692287C53D7006A7DC2 /* SignUpViewModel */ = {
			isa = PBXGroup;
			children = (
				703B6693287C53D7006A7DC2 /* SignUpViewModel.swift */,
			);
			path = SignUpViewModel;
			sourceTree = "<group>";
		};
		703B6699287C53F4006A7DC2 /* CollectionViewCell */ = {
			isa = PBXGroup;
			children = (
				703B669A287C53F4006A7DC2 /* bookMarkMovieClCell.swift */,
				703B669B287C53F4006A7DC2 /* treandingMoviesClCell.swift */,
			);
			path = CollectionViewCell;
			sourceTree = "<group>";
		};
		703B669C287C53F5006A7DC2 /* SingUpView */ = {
			isa = PBXGroup;
			children = (
				703B669D287C53F5006A7DC2 /* SignUpView.swift */,
			);
			path = SingUpView;
			sourceTree = "<group>";
		};
		703B669E287C53F5006A7DC2 /* BookMarkView */ = {
			isa = PBXGroup;
			children = (
				703B669F287C53F5006A7DC2 /* BookMarkView.swift */,
			);
			path = BookMarkView;
			sourceTree = "<group>";
		};
		703B66A0287C53F5006A7DC2 /* LoginView */ = {
			isa = PBXGroup;
			children = (
				703B66A1287C53F5006A7DC2 /* LoginView.swift */,
			);
			path = LoginView;
			sourceTree = "<group>";
		};
		703B66A2287C53F5006A7DC2 /* MovieDetailsView */ = {
			isa = PBXGroup;
			children = (
				703B66A3287C53F5006A7DC2 /* MovieDetailsView.swift */,
			);
			path = MovieDetailsView;
			sourceTree = "<group>";
		};
		703B66A4287C53F5006A7DC2 /* HomeView */ = {
			isa = PBXGroup;
			children = (
				703B66A5287C53F5006A7DC2 /* HomeView.swift */,
			);
			path = HomeView;
			sourceTree = "<group>";
		};
		703B66A6287C53F5006A7DC2 /* ForgotPasswordView */ = {
			isa = PBXGroup;
			children = (
				703B66A7287C53F5006A7DC2 /* ForgotPasswordView.swift */,
			);
			path = ForgotPasswordView;
			sourceTree = "<group>";
		};
		703B66A8287C53F5006A7DC2 /* TableViewCell */ = {
			isa = PBXGroup;
			children = (
				703B66A9287C53F5006A7DC2 /* customBtnTblCell.swift */,
				703B66AA287C53F5006A7DC2 /* customTxtFieldTblCell.swift */,
				703B66AB287C53F5006A7DC2 /* customLableTblCell.swift */,
			);
			path = TableViewCell;
			sourceTree = "<group>";
		};
		703B66B7287C5409006A7DC2 /* HomeVC */ = {
			isa = PBXGroup;
			children = (
				703B66B8287C5409006A7DC2 /* HomeVC.swift */,
			);
			path = HomeVC;
			sourceTree = "<group>";
		};
		703B66B9287C5409006A7DC2 /* SingUpVC */ = {
			isa = PBXGroup;
			children = (
				703B66BA287C5409006A7DC2 /* SignUpVC.swift */,
			);
			path = SingUpVC;
			sourceTree = "<group>";
		};
		703B66BB287C5409006A7DC2 /* ForgotPasswordVC */ = {
			isa = PBXGroup;
			children = (
				703B66BC287C5409006A7DC2 /* ForgotPasswordVC.swift */,
			);
			path = ForgotPasswordVC;
			sourceTree = "<group>";
		};
		703B66BD287C5409006A7DC2 /* BookMarkVC */ = {
			isa = PBXGroup;
			children = (
				703B66BE287C5409006A7DC2 /* BookMarkVC.swift */,
			);
			path = BookMarkVC;
			sourceTree = "<group>";
		};
		703B66BF287C5409006A7DC2 /* MovieDetailVC */ = {
			isa = PBXGroup;
			children = (
				703B66C0287C5409006A7DC2 /* MovieDetailsVC.swift */,
			);
			path = MovieDetailVC;
			sourceTree = "<group>";
		};
		703B66C1287C5409006A7DC2 /* LoginVC */ = {
			isa = PBXGroup;
			children = (
				703B66C2287C5409006A7DC2 /* LoginVC.swift */,
			);
			path = LoginVC;
			sourceTree = "<group>";
		};
		703B66C3287C5409006A7DC2 /* TabBarVC */ = {
			isa = PBXGroup;
			children = (
				703B66C4287C5409006A7DC2 /* TabBarVC.swift */,
			);
			path = TabBarVC;
			sourceTree = "<group>";
		};
		70555642287C313600631D63 /* RxTreandingMovies */ = {
			isa = PBXGroup;
			children = (
				70555655287C313600631D63 /* AppDelegate.swift */,
				7055567A287C313600631D63 /* SceneDelegate.swift */,
				7055564C287C313600631D63 /* Model */,
				70555650287C313600631D63 /* View */,
				70555643287C313600631D63 /* ViewModel */,
				70555656287C313600631D63 /* Helper */,
				70555674287C313600631D63 /* Services */,
				70555645287C313600631D63 /* StoryBoard */,
				70555648287C313600631D63 /* Assets.xcassets */,
				70555649287C313600631D63 /* GoogleService-Info.plist */,
				7055564A287C313600631D63 /* LaunchScreen.storyboard */,
				70555673287C313600631D63 /* Info.plist */,
			);
			path = RxTreandingMovies;
			sourceTree = "<group>";
		};
		70555643287C313600631D63 /* ViewModel */ = {
			isa = PBXGroup;
			children = (
				703B668C287C53D7006A7DC2 /* BookMarkViewModel */,
				703B6690287C53D7006A7DC2 /* ForgotPasswordModel */,
				703B668A287C53D7006A7DC2 /* HomeViewModel */,
				703B668E287C53D7006A7DC2 /* LoginViewModel */,
				703B6692287C53D7006A7DC2 /* SignUpViewModel */,
			);
			path = ViewModel;
			sourceTree = "<group>";
		};
		70555645287C313600631D63 /* StoryBoard */ = {
			isa = PBXGroup;
			children = (
				70D0FA33287D794C0063ECE3 /* Main.storyboard */,
			);
			path = StoryBoard;
			sourceTree = "<group>";
		};
		7055564C287C313600631D63 /* Model */ = {
			isa = PBXGroup;
			children = (
				7055564E287C313600631D63 /* CreateUserModel */,
			);
			path = Model;
			sourceTree = "<group>";
		};
		7055564E287C313600631D63 /* CreateUserModel */ = {
			isa = PBXGroup;
			children = (
				7055564F287C313600631D63 /* CreateUserModel.swift */,
			);
			path = CreateUserModel;
			sourceTree = "<group>";
		};
		70555650287C313600631D63 /* View */ = {
			isa = PBXGroup;
			children = (
				70555651287C313600631D63 /* View */,
				70555653287C313600631D63 /* ViewController */,
			);
			path = View;
			sourceTree = "<group>";
		};
		70555651287C313600631D63 /* View */ = {
			isa = PBXGroup;
			children = (
				703B669E287C53F5006A7DC2 /* BookMarkView */,
				703B6699287C53F4006A7DC2 /* CollectionViewCell */,
				703B66A6287C53F5006A7DC2 /* ForgotPasswordView */,
				703B66A4287C53F5006A7DC2 /* HomeView */,
				703B66A0287C53F5006A7DC2 /* LoginView */,
				703B66A2287C53F5006A7DC2 /* MovieDetailsView */,
				703B669C287C53F5006A7DC2 /* SingUpView */,
				703B66A8287C53F5006A7DC2 /* TableViewCell */,
			);
			path = View;
			sourceTree = "<group>";
		};
		70555653287C313600631D63 /* ViewController */ = {
			isa = PBXGroup;
			children = (
				703B66BD287C5409006A7DC2 /* BookMarkVC */,
				703B66BB287C5409006A7DC2 /* ForgotPasswordVC */,
				703B66B7287C5409006A7DC2 /* HomeVC */,
				703B66C1287C5409006A7DC2 /* LoginVC */,
				703B66BF287C5409006A7DC2 /* MovieDetailVC */,
				703B66B9287C5409006A7DC2 /* SingUpVC */,
				703B66C3287C5409006A7DC2 /* TabBarVC */,
			);
			path = ViewController;
			sourceTree = "<group>";
		};
		70555656287C313600631D63 /* Helper */ = {
			isa = PBXGroup;
			children = (
				70555657287C313600631D63 /* Config */,
				70555659287C313600631D63 /* CustomClasses */,
				70555664287C313600631D63 /* CustomExtension */,
				70555666287C313600631D63 /* Constant */,
				70555668287C313600631D63 /* Font */,
				7055566E287C313600631D63 /* Structure */,
				70555671287C313600631D63 /* Utility */,
			);
			path = Helper;
			sourceTree = "<group>";
		};
		70555657287C313600631D63 /* Config */ = {
			isa = PBXGroup;
			children = (
				70555658287C313600631D63 /* Config.swift */,
			);
			path = Config;
			sourceTree = "<group>";
		};
		70555659287C313600631D63 /* CustomClasses */ = {
			isa = PBXGroup;
			children = (
				7055565A287C313600631D63 /* CustomAlert */,
				7055565C287C313600631D63 /* CustomLabel */,
				7055565E287C313600631D63 /* CustomButton */,
				70555660287C313600631D63 /* CustomView */,
				70555662287C313600631D63 /* CustomTextField */,
			);
			path = CustomClasses;
			sourceTree = "<group>";
		};
		7055565A287C313600631D63 /* CustomAlert */ = {
			isa = PBXGroup;
			children = (
				7055565B287C313600631D63 /* CustomAlert.swift */,
			);
			path = CustomAlert;
			sourceTree = "<group>";
		};
		7055565C287C313600631D63 /* CustomLabel */ = {
			isa = PBXGroup;
			children = (
				7055565D287C313600631D63 /* CustomLabel.swift */,
			);
			path = CustomLabel;
			sourceTree = "<group>";
		};
		7055565E287C313600631D63 /* CustomButton */ = {
			isa = PBXGroup;
			children = (
				7055565F287C313600631D63 /* CustomButton.swift */,
			);
			path = CustomButton;
			sourceTree = "<group>";
		};
		70555660287C313600631D63 /* CustomView */ = {
			isa = PBXGroup;
			children = (
				70555661287C313600631D63 /* CustomView.swift */,
			);
			path = CustomView;
			sourceTree = "<group>";
		};
		70555662287C313600631D63 /* CustomTextField */ = {
			isa = PBXGroup;
			children = (
				70555663287C313600631D63 /* CustomTextField.swift */,
			);
			path = CustomTextField;
			sourceTree = "<group>";
		};
		70555664287C313600631D63 /* CustomExtension */ = {
			isa = PBXGroup;
			children = (
				70555665287C313600631D63 /* CustomExtenstion.swift */,
			);
			path = CustomExtension;
			sourceTree = "<group>";
		};
		70555666287C313600631D63 /* Constant */ = {
			isa = PBXGroup;
			children = (
				70555667287C313600631D63 /* Constant.swift */,
			);
			path = Constant;
			sourceTree = "<group>";
		};
		70555668287C313600631D63 /* Font */ = {
			isa = PBXGroup;
			children = (
				70555669287C313600631D63 /* Raleway-Medium.ttf */,
				7055566A287C313600631D63 /* Raleway-Regular.ttf */,
				7055566B287C313600631D63 /* Raleway-Light.ttf */,
				7055566C287C313600631D63 /* Raleway-Black.ttf */,
				7055566D287C313600631D63 /* Raleway-Bold.ttf */,
			);
			path = Font;
			sourceTree = "<group>";
		};
		7055566E287C313600631D63 /* Structure */ = {
			isa = PBXGroup;
			children = (
				7055566F287C313600631D63 /* Validation.swift */,
				70555670287C313600631D63 /* ViewControllerIndentifier.swift */,
			);
			path = Structure;
			sourceTree = "<group>";
		};
		70555671287C313600631D63 /* Utility */ = {
			isa = PBXGroup;
			children = (
				70555672287C313600631D63 /* Utility.swift */,
			);
			path = Utility;
			sourceTree = "<group>";
		};
		70555674287C313600631D63 /* Services */ = {
			isa = PBXGroup;
			children = (
				70555675287C313600631D63 /* FirebaseServices */,
				70555677287C313600631D63 /* BaseService */,
			);
			path = Services;
			sourceTree = "<group>";
		};
		70555675287C313600631D63 /* FirebaseServices */ = {
			isa = PBXGroup;
			children = (
				70555676287C313600631D63 /* FirebaseAuthService.swift */,
			);
			path = FirebaseServices;
			sourceTree = "<group>";
		};
		70555677287C313600631D63 /* BaseService */ = {
			isa = PBXGroup;
			children = (
				70555678287C313600631D63 /* BaseService.swift */,
				70555679287C313600631D63 /* LoginService.swift */,
			);
			path = BaseService;
			sourceTree = "<group>";
		};
		BAAF7167DCE5D6BBD9C07A77 /* Frameworks */ = {
			isa = PBXGroup;
			children = (
				7627410CEEB38D82950DEEE2 /* Pods_RxTreandingMovies.framework */,
				5F3CE83F8F62DE3C94FB3CB7 /* Pods_RxTreandingMovies_RxTreandingMoviesUITests.framework */,
				584592C5C6BEC9563B9090BE /* Pods_RxTreandingMoviesTests.framework */,
			);
			name = Frameworks;
			sourceTree = "<group>";
		};
		BBBFCD85543B1C53A1EAD1F5 /* Pods */ = {
			isa = PBXGroup;
			children = (
				0380B74535FD9B187F3369E5 /* Pods-RxManagement.debug.xcconfig */,
				5AB064102D53F2FA1B454381 /* Pods-RxManagement.release.xcconfig */,
				3B4D6DFCE86B0D2BAC2411E9 /* Pods-RxManagement-RxManagementUITests.debug.xcconfig */,
				A8E2B3E9974B74FE430555B0 /* Pods-RxManagement-RxManagementUITests.release.xcconfig */,
				49B7589B53339CEB6A866EDC /* Pods-RxManagementTests.debug.xcconfig */,
				FE5F7D89A3A927955A1B80C7 /* Pods-RxManagementTests.release.xcconfig */,
				E1FE836C3270C4EDCB032A47 /* Pods-RxTreandingMovies.debug.xcconfig */,
				7C5F2247B7F205B189DF89AB /* Pods-RxTreandingMovies.release.xcconfig */,
				287DF4E5D494BC0B1CA88915 /* Pods-RxTreandingMovies-RxTreandingMoviesUITests.debug.xcconfig */,
				D270822A4E691413963A86EB /* Pods-RxTreandingMovies-RxTreandingMoviesUITests.release.xcconfig */,
				2852DB521677D0CA6C752E7B /* Pods-RxTreandingMoviesTests.debug.xcconfig */,
				B5863148EB16D4B285FA656E /* Pods-RxTreandingMoviesTests.release.xcconfig */,
			);
			path = Pods;
			sourceTree = "<group>";
		};
		D6FA619D286DD308002FBC4E = {
			isa = PBXGroup;
			children = (
				70555642287C313600631D63 /* RxTreandingMovies */,
				D6FA61BF286DD30A002FBC4E /* RxManagementTests */,
				D6FA61C9286DD30A002FBC4E /* RxManagementUITests */,
				D6FA61A7286DD308002FBC4E /* Products */,
				BBBFCD85543B1C53A1EAD1F5 /* Pods */,
				BAAF7167DCE5D6BBD9C07A77 /* Frameworks */,
			);
			sourceTree = "<group>";
		};
		D6FA61A7286DD308002FBC4E /* Products */ = {
			isa = PBXGroup;
			children = (
				D6FA61A6286DD308002FBC4E /* RxTreandingMovies.app */,
				D6FA61BC286DD30A002FBC4E /* RxTreandingMoviesTests.xctest */,
				D6FA61C6286DD30A002FBC4E /* RxTreandingMoviesUITests.xctest */,
			);
			name = Products;
			sourceTree = "<group>";
		};
		D6FA61BF286DD30A002FBC4E /* RxManagementTests */ = {
			isa = PBXGroup;
			children = (
				D6FA61C0286DD30A002FBC4E /* RxManagementTests.swift */,
			);
			path = RxManagementTests;
			sourceTree = "<group>";
		};
		D6FA61C9286DD30A002FBC4E /* RxManagementUITests */ = {
			isa = PBXGroup;
			children = (
				D6FA61CA286DD30A002FBC4E /* RxManagementUITests.swift */,
				D6FA61CC286DD30A002FBC4E /* RxManagementUITestsLaunchTests.swift */,
			);
			path = RxManagementUITests;
			sourceTree = "<group>";
		};
/* End PBXGroup section */

/* Begin PBXNativeTarget section */
		D6FA61A5286DD308002FBC4E /* RxTreandingMovies */ = {
			isa = PBXNativeTarget;
			buildConfigurationList = D6FA61D0286DD30A002FBC4E /* Build configuration list for PBXNativeTarget "RxTreandingMovies" */;
			buildPhases = (
				52C57A22E97ACF7A695EA38A /* [CP] Check Pods Manifest.lock */,
				D6FA61A2286DD308002FBC4E /* Sources */,
				D6FA61A3286DD308002FBC4E /* Frameworks */,
				D6FA61A4286DD308002FBC4E /* Resources */,
				6B69A86536B77757B7FD6751 /* [CP] Embed Pods Frameworks */,
				D6B874D92872DEB9000F2991 /* ShellScript */,
			);
			buildRules = (
			);
			dependencies = (
			);
			name = RxTreandingMovies;
			productName = RxManagement;
			productReference = D6FA61A6286DD308002FBC4E /* RxTreandingMovies.app */;
			productType = "com.apple.product-type.application";
		};
		D6FA61BB286DD30A002FBC4E /* RxTreandingMoviesTests */ = {
			isa = PBXNativeTarget;
			buildConfigurationList = D6FA61D3286DD30A002FBC4E /* Build configuration list for PBXNativeTarget "RxTreandingMoviesTests" */;
			buildPhases = (
				9C332CAB7A3E39D8BCD30061 /* [CP] Check Pods Manifest.lock */,
				D6FA61B8286DD30A002FBC4E /* Sources */,
				D6FA61B9286DD30A002FBC4E /* Frameworks */,
				D6FA61BA286DD30A002FBC4E /* Resources */,
			);
			buildRules = (
			);
			dependencies = (
				D6FA61BE286DD30A002FBC4E /* PBXTargetDependency */,
			);
			name = RxTreandingMoviesTests;
			productName = RxManagementTests;
			productReference = D6FA61BC286DD30A002FBC4E /* RxTreandingMoviesTests.xctest */;
			productType = "com.apple.product-type.bundle.unit-test";
		};
		D6FA61C5286DD30A002FBC4E /* RxTreandingMoviesUITests */ = {
			isa = PBXNativeTarget;
			buildConfigurationList = D6FA61D6286DD30A002FBC4E /* Build configuration list for PBXNativeTarget "RxTreandingMoviesUITests" */;
			buildPhases = (
				C81777D149452E3A6B6C7B8C /* [CP] Check Pods Manifest.lock */,
				D6FA61C2286DD30A002FBC4E /* Sources */,
				D6FA61C3286DD30A002FBC4E /* Frameworks */,
				D6FA61C4286DD30A002FBC4E /* Resources */,
				67C46EC1144F71FB41BF6763 /* [CP] Embed Pods Frameworks */,
			);
			buildRules = (
			);
			dependencies = (
				D6FA61C8286DD30A002FBC4E /* PBXTargetDependency */,
			);
			name = RxTreandingMoviesUITests;
			productName = RxManagementUITests;
			productReference = D6FA61C6286DD30A002FBC4E /* RxTreandingMoviesUITests.xctest */;
			productType = "com.apple.product-type.bundle.ui-testing";
		};
/* End PBXNativeTarget section */

/* Begin PBXProject section */
		D6FA619E286DD308002FBC4E /* Project object */ = {
			isa = PBXProject;
			attributes = {
				BuildIndependentTargetsInParallel = 1;
				LastSwiftUpdateCheck = 1320;
				LastUpgradeCheck = 1320;
				TargetAttributes = {
					D6FA61A5286DD308002FBC4E = {
						CreatedOnToolsVersion = 13.2.1;
					};
					D6FA61BB286DD30A002FBC4E = {
						CreatedOnToolsVersion = 13.2.1;
						TestTargetID = D6FA61A5286DD308002FBC4E;
					};
					D6FA61C5286DD30A002FBC4E = {
						CreatedOnToolsVersion = 13.2.1;
						TestTargetID = D6FA61A5286DD308002FBC4E;
					};
				};
			};
			buildConfigurationList = D6FA61A1286DD308002FBC4E /* Build configuration list for PBXProject "RxTreandingMovies" */;
			compatibilityVersion = "Xcode 13.0";
			developmentRegion = en;
			hasScannedForEncodings = 0;
			knownRegions = (
				en,
				Base,
			);
			mainGroup = D6FA619D286DD308002FBC4E;
			productRefGroup = D6FA61A7286DD308002FBC4E /* Products */;
			projectDirPath = "";
			projectRoot = "";
			targets = (
				D6FA61A5286DD308002FBC4E /* RxTreandingMovies */,
				D6FA61BB286DD30A002FBC4E /* RxTreandingMoviesTests */,
				D6FA61C5286DD30A002FBC4E /* RxTreandingMoviesUITests */,
			);
		};
/* End PBXProject section */

/* Begin PBXResourcesBuildPhase section */
		D6FA61A4286DD308002FBC4E /* Resources */ = {
			isa = PBXResourcesBuildPhase;
			buildActionMask = 2147483647;
			files = (
				7055569B287C358A00631D63 /* Assets.xcassets in Resources */,
				70D0FA34287D794D0063ECE3 /* Main.storyboard in Resources */,
				70555691287C313600631D63 /* Raleway-Bold.ttf in Resources */,
				7055568E287C313600631D63 /* Raleway-Regular.ttf in Resources */,
				7055567F287C313600631D63 /* LaunchScreen.storyboard in Resources */,
				7055568F287C313600631D63 /* Raleway-Light.ttf in Resources */,
				70555690287C313600631D63 /* Raleway-Black.ttf in Resources */,
				7055568D287C313600631D63 /* Raleway-Medium.ttf in Resources */,
				7055567E287C313600631D63 /* GoogleService-Info.plist in Resources */,
			);
			runOnlyForDeploymentPostprocessing = 0;
		};
		D6FA61BA286DD30A002FBC4E /* Resources */ = {
			isa = PBXResourcesBuildPhase;
			buildActionMask = 2147483647;
			files = (
			);
			runOnlyForDeploymentPostprocessing = 0;
		};
		D6FA61C4286DD30A002FBC4E /* Resources */ = {
			isa = PBXResourcesBuildPhase;
			buildActionMask = 2147483647;
			files = (
			);
			runOnlyForDeploymentPostprocessing = 0;
		};
/* End PBXResourcesBuildPhase section */

/* Begin PBXShellScriptBuildPhase section */
		52C57A22E97ACF7A695EA38A /* [CP] Check Pods Manifest.lock */ = {
			isa = PBXShellScriptBuildPhase;
			buildActionMask = 2147483647;
			files = (
			);
			inputFileListPaths = (
			);
			inputPaths = (
				"${PODS_PODFILE_DIR_PATH}/Podfile.lock",
				"${PODS_ROOT}/Manifest.lock",
			);
			name = "[CP] Check Pods Manifest.lock";
			outputFileListPaths = (
			);
			outputPaths = (
				"$(DERIVED_FILE_DIR)/Pods-RxTreandingMovies-checkManifestLockResult.txt",
			);
			runOnlyForDeploymentPostprocessing = 0;
			shellPath = /bin/sh;
			shellScript = "diff \"${PODS_PODFILE_DIR_PATH}/Podfile.lock\" \"${PODS_ROOT}/Manifest.lock\" > /dev/null\nif [ $? != 0 ] ; then\n    # print error to STDERR\n    echo \"error: The sandbox is not in sync with the Podfile.lock. Run 'pod install' or update your CocoaPods installation.\" >&2\n    exit 1\nfi\n# This output is used by Xcode 'outputs' to avoid re-running this script phase.\necho \"SUCCESS\" > \"${SCRIPT_OUTPUT_FILE_0}\"\n";
			showEnvVarsInLog = 0;
		};
		67C46EC1144F71FB41BF6763 /* [CP] Embed Pods Frameworks */ = {
			isa = PBXShellScriptBuildPhase;
			buildActionMask = 2147483647;
			files = (
			);
			inputFileListPaths = (
				"${PODS_ROOT}/Target Support Files/Pods-RxTreandingMovies-RxTreandingMoviesUITests/Pods-RxTreandingMovies-RxTreandingMoviesUITests-frameworks-${CONFIGURATION}-input-files.xcfilelist",
			);
			name = "[CP] Embed Pods Frameworks";
			outputFileListPaths = (
				"${PODS_ROOT}/Target Support Files/Pods-RxTreandingMovies-RxTreandingMoviesUITests/Pods-RxTreandingMovies-RxTreandingMoviesUITests-frameworks-${CONFIGURATION}-output-files.xcfilelist",
			);
			runOnlyForDeploymentPostprocessing = 0;
			shellPath = /bin/sh;
			shellScript = "\"${PODS_ROOT}/Target Support Files/Pods-RxTreandingMovies-RxTreandingMoviesUITests/Pods-RxTreandingMovies-RxTreandingMoviesUITests-frameworks.sh\"\n";
			showEnvVarsInLog = 0;
		};
		6B69A86536B77757B7FD6751 /* [CP] Embed Pods Frameworks */ = {
			isa = PBXShellScriptBuildPhase;
			buildActionMask = 2147483647;
			files = (
			);
			inputFileListPaths = (
				"${PODS_ROOT}/Target Support Files/Pods-RxTreandingMovies/Pods-RxTreandingMovies-frameworks-${CONFIGURATION}-input-files.xcfilelist",
			);
			name = "[CP] Embed Pods Frameworks";
			outputFileListPaths = (
				"${PODS_ROOT}/Target Support Files/Pods-RxTreandingMovies/Pods-RxTreandingMovies-frameworks-${CONFIGURATION}-output-files.xcfilelist",
			);
			runOnlyForDeploymentPostprocessing = 0;
			shellPath = /bin/sh;
			shellScript = "\"${PODS_ROOT}/Target Support Files/Pods-RxTreandingMovies/Pods-RxTreandingMovies-frameworks.sh\"\n";
			showEnvVarsInLog = 0;
		};
		9C332CAB7A3E39D8BCD30061 /* [CP] Check Pods Manifest.lock */ = {
			isa = PBXShellScriptBuildPhase;
			buildActionMask = 2147483647;
			files = (
			);
			inputFileListPaths = (
			);
			inputPaths = (
				"${PODS_PODFILE_DIR_PATH}/Podfile.lock",
				"${PODS_ROOT}/Manifest.lock",
			);
			name = "[CP] Check Pods Manifest.lock";
			outputFileListPaths = (
			);
			outputPaths = (
				"$(DERIVED_FILE_DIR)/Pods-RxTreandingMoviesTests-checkManifestLockResult.txt",
			);
			runOnlyForDeploymentPostprocessing = 0;
			shellPath = /bin/sh;
			shellScript = "diff \"${PODS_PODFILE_DIR_PATH}/Podfile.lock\" \"${PODS_ROOT}/Manifest.lock\" > /dev/null\nif [ $? != 0 ] ; then\n    # print error to STDERR\n    echo \"error: The sandbox is not in sync with the Podfile.lock. Run 'pod install' or update your CocoaPods installation.\" >&2\n    exit 1\nfi\n# This output is used by Xcode 'outputs' to avoid re-running this script phase.\necho \"SUCCESS\" > \"${SCRIPT_OUTPUT_FILE_0}\"\n";
			showEnvVarsInLog = 0;
		};
		C81777D149452E3A6B6C7B8C /* [CP] Check Pods Manifest.lock */ = {
			isa = PBXShellScriptBuildPhase;
			buildActionMask = 2147483647;
			files = (
			);
			inputFileListPaths = (
			);
			inputPaths = (
				"${PODS_PODFILE_DIR_PATH}/Podfile.lock",
				"${PODS_ROOT}/Manifest.lock",
			);
			name = "[CP] Check Pods Manifest.lock";
			outputFileListPaths = (
			);
			outputPaths = (
				"$(DERIVED_FILE_DIR)/Pods-RxTreandingMovies-RxTreandingMoviesUITests-checkManifestLockResult.txt",
			);
			runOnlyForDeploymentPostprocessing = 0;
			shellPath = /bin/sh;
			shellScript = "diff \"${PODS_PODFILE_DIR_PATH}/Podfile.lock\" \"${PODS_ROOT}/Manifest.lock\" > /dev/null\nif [ $? != 0 ] ; then\n    # print error to STDERR\n    echo \"error: The sandbox is not in sync with the Podfile.lock. Run 'pod install' or update your CocoaPods installation.\" >&2\n    exit 1\nfi\n# This output is used by Xcode 'outputs' to avoid re-running this script phase.\necho \"SUCCESS\" > \"${SCRIPT_OUTPUT_FILE_0}\"\n";
			showEnvVarsInLog = 0;
		};
		D6B874D92872DEB9000F2991 /* ShellScript */ = {
			isa = PBXShellScriptBuildPhase;
			buildActionMask = 2147483647;
			files = (
			);
			inputFileListPaths = (
			);
			inputPaths = (
				"$(SRCROOT)/$(BUILT_PRODUCTS_DIR)/$(INFOPLIST_PATH)",
				"${DWARF_DSYM_FOLDER_PATH}/${DWARF_DSYM_FILE_NAME}/Contents/Resources/DWARF/${TARGET_NAME}",
			);
			outputFileListPaths = (
			);
			outputPaths = (
			);
			runOnlyForDeploymentPostprocessing = 0;
			shellPath = /bin/sh;
			shellScript = "\"${PODS_ROOT}/FirebaseCrashlytics/run\"\n";
		};
/* End PBXShellScriptBuildPhase section */

/* Begin PBXSourcesBuildPhase section */
		D6FA61A2286DD308002FBC4E /* Sources */ = {
			isa = PBXSourcesBuildPhase;
			buildActionMask = 2147483647;
			files = (
				70555684287C313600631D63 /* AppDelegate.swift in Sources */,
				703B6694287C53D7006A7DC2 /* HomeViewModel.swift in Sources */,
				70555687287C313600631D63 /* CustomLabel.swift in Sources */,
				70555696287C313600631D63 /* FirebaseAuthService.swift in Sources */,
				703B66AD287C53F5006A7DC2 /* treandingMoviesClCell.swift in Sources */,
				703B66C5287C5409006A7DC2 /* HomeVC.swift in Sources */,
				70555688287C313600631D63 /* CustomButton.swift in Sources */,
				7055568B287C313600631D63 /* CustomExtenstion.swift in Sources */,
				70555698287C313600631D63 /* LoginService.swift in Sources */,
				70555699287C313600631D63 /* SceneDelegate.swift in Sources */,
				703B6696287C53D7006A7DC2 /* LoginViewModel.swift in Sources */,
				70555685287C313600631D63 /* Config.swift in Sources */,
				703B66C8287C5409006A7DC2 /* BookMarkVC.swift in Sources */,
				703B66AC287C53F5006A7DC2 /* bookMarkMovieClCell.swift in Sources */,
				703B66B2287C53F5006A7DC2 /* HomeView.swift in Sources */,
				703B66C7287C5409006A7DC2 /* ForgotPasswordVC.swift in Sources */,
				7055568C287C313600631D63 /* Constant.swift in Sources */,
				70555689287C313600631D63 /* CustomView.swift in Sources */,
				70555681287C313600631D63 /* CreateUserModel.swift in Sources */,
				703B66B4287C53F5006A7DC2 /* customBtnTblCell.swift in Sources */,
				70555693287C313600631D63 /* ViewControllerIndentifier.swift in Sources */,
				703B66AF287C53F5006A7DC2 /* BookMarkView.swift in Sources */,
				703B66CB287C5409006A7DC2 /* TabBarVC.swift in Sources */,
				703B66AE287C53F5006A7DC2 /* SignUpView.swift in Sources */,
				703B6695287C53D7006A7DC2 /* BookMarkViewModel.swift in Sources */,
				703B66C9287C5409006A7DC2 /* MovieDetailsVC.swift in Sources */,
				70555697287C313600631D63 /* BaseService.swift in Sources */,
				703B6697287C53D7006A7DC2 /* ForgotPasswordModel.swift in Sources */,
				703B66B5287C53F5006A7DC2 /* customTxtFieldTblCell.swift in Sources */,
				703B66B0287C53F5006A7DC2 /* LoginView.swift in Sources */,
				703B66B1287C53F5006A7DC2 /* MovieDetailsView.swift in Sources */,
				7055568A287C313600631D63 /* CustomTextField.swift in Sources */,
				703B66C6287C5409006A7DC2 /* SignUpVC.swift in Sources */,
				70555692287C313600631D63 /* Validation.swift in Sources */,
				70555686287C313600631D63 /* CustomAlert.swift in Sources */,
				703B6698287C53D7006A7DC2 /* SignUpViewModel.swift in Sources */,
				703B66CA287C5409006A7DC2 /* LoginVC.swift in Sources */,
				703B66B3287C53F5006A7DC2 /* ForgotPasswordView.swift in Sources */,
				703B66B6287C53F5006A7DC2 /* customLableTblCell.swift in Sources */,
				70555694287C313600631D63 /* Utility.swift in Sources */,
			);
			runOnlyForDeploymentPostprocessing = 0;
		};
		D6FA61B8286DD30A002FBC4E /* Sources */ = {
			isa = PBXSourcesBuildPhase;
			buildActionMask = 2147483647;
			files = (
				D6FA61C1286DD30A002FBC4E /* RxManagementTests.swift in Sources */,
			);
			runOnlyForDeploymentPostprocessing = 0;
		};
		D6FA61C2286DD30A002FBC4E /* Sources */ = {
			isa = PBXSourcesBuildPhase;
			buildActionMask = 2147483647;
			files = (
				D6FA61CB286DD30A002FBC4E /* RxManagementUITests.swift in Sources */,
				D6FA61CD286DD30A002FBC4E /* RxManagementUITestsLaunchTests.swift in Sources */,
			);
			runOnlyForDeploymentPostprocessing = 0;
		};
/* End PBXSourcesBuildPhase section */

/* Begin PBXTargetDependency section */
		D6FA61BE286DD30A002FBC4E /* PBXTargetDependency */ = {
			isa = PBXTargetDependency;
			target = D6FA61A5286DD308002FBC4E /* RxTreandingMovies */;
			targetProxy = D6FA61BD286DD30A002FBC4E /* PBXContainerItemProxy */;
		};
		D6FA61C8286DD30A002FBC4E /* PBXTargetDependency */ = {
			isa = PBXTargetDependency;
			target = D6FA61A5286DD308002FBC4E /* RxTreandingMovies */;
			targetProxy = D6FA61C7286DD30A002FBC4E /* PBXContainerItemProxy */;
		};
/* End PBXTargetDependency section */

/* Begin PBXVariantGroup section */
		7055564A287C313600631D63 /* LaunchScreen.storyboard */ = {
			isa = PBXVariantGroup;
			children = (
				7055564B287C313600631D63 /* Base */,
			);
			name = LaunchScreen.storyboard;
			sourceTree = "<group>";
		};
/* End PBXVariantGroup section */

/* Begin XCBuildConfiguration section */
		D6FA61CE286DD30A002FBC4E /* Debug */ = {
			isa = XCBuildConfiguration;
			buildSettings = {
				ALWAYS_SEARCH_USER_PATHS = NO;
				CLANG_ANALYZER_NONNULL = YES;
				CLANG_ANALYZER_NUMBER_OBJECT_CONVERSION = YES_AGGRESSIVE;
				CLANG_CXX_LANGUAGE_STANDARD = "gnu++17";
				CLANG_CXX_LIBRARY = "libc++";
				CLANG_ENABLE_MODULES = YES;
				CLANG_ENABLE_OBJC_ARC = YES;
				CLANG_ENABLE_OBJC_WEAK = YES;
				CLANG_WARN_BLOCK_CAPTURE_AUTORELEASING = YES;
				CLANG_WARN_BOOL_CONVERSION = YES;
				CLANG_WARN_COMMA = YES;
				CLANG_WARN_CONSTANT_CONVERSION = YES;
				CLANG_WARN_DEPRECATED_OBJC_IMPLEMENTATIONS = YES;
				CLANG_WARN_DIRECT_OBJC_ISA_USAGE = YES_ERROR;
				CLANG_WARN_DOCUMENTATION_COMMENTS = YES;
				CLANG_WARN_EMPTY_BODY = YES;
				CLANG_WARN_ENUM_CONVERSION = YES;
				CLANG_WARN_INFINITE_RECURSION = YES;
				CLANG_WARN_INT_CONVERSION = YES;
				CLANG_WARN_NON_LITERAL_NULL_CONVERSION = YES;
				CLANG_WARN_OBJC_IMPLICIT_RETAIN_SELF = YES;
				CLANG_WARN_OBJC_LITERAL_CONVERSION = YES;
				CLANG_WARN_OBJC_ROOT_CLASS = YES_ERROR;
				CLANG_WARN_QUOTED_INCLUDE_IN_FRAMEWORK_HEADER = YES;
				CLANG_WARN_RANGE_LOOP_ANALYSIS = YES;
				CLANG_WARN_STRICT_PROTOTYPES = YES;
				CLANG_WARN_SUSPICIOUS_MOVE = YES;
				CLANG_WARN_UNGUARDED_AVAILABILITY = YES_AGGRESSIVE;
				CLANG_WARN_UNREACHABLE_CODE = YES;
				CLANG_WARN__DUPLICATE_METHOD_MATCH = YES;
				COPY_PHASE_STRIP = NO;
				DEBUG_INFORMATION_FORMAT = dwarf;
				ENABLE_STRICT_OBJC_MSGSEND = YES;
				ENABLE_TESTABILITY = YES;
				GCC_C_LANGUAGE_STANDARD = gnu11;
				GCC_DYNAMIC_NO_PIC = NO;
				GCC_NO_COMMON_BLOCKS = YES;
				GCC_OPTIMIZATION_LEVEL = 0;
				GCC_PREPROCESSOR_DEFINITIONS = (
					"DEBUG=1",
					"$(inherited)",
				);
				GCC_WARN_64_TO_32_BIT_CONVERSION = YES;
				GCC_WARN_ABOUT_RETURN_TYPE = YES_ERROR;
				GCC_WARN_UNDECLARED_SELECTOR = YES;
				GCC_WARN_UNINITIALIZED_AUTOS = YES_AGGRESSIVE;
				GCC_WARN_UNUSED_FUNCTION = YES;
				GCC_WARN_UNUSED_VARIABLE = YES;
				INFOPLIST_FILE = RxTreandingMovies/Info.plist;
				IPHONEOS_DEPLOYMENT_TARGET = 15.2;
				MTL_ENABLE_DEBUG_INFO = INCLUDE_SOURCE;
				MTL_FAST_MATH = YES;
				ONLY_ACTIVE_ARCH = YES;
				SDKROOT = iphoneos;
				SWIFT_ACTIVE_COMPILATION_CONDITIONS = DEBUG;
				SWIFT_OPTIMIZATION_LEVEL = "-Onone";
			};
			name = Debug;
		};
		D6FA61CF286DD30A002FBC4E /* Release */ = {
			isa = XCBuildConfiguration;
			buildSettings = {
				ALWAYS_SEARCH_USER_PATHS = NO;
				CLANG_ANALYZER_NONNULL = YES;
				CLANG_ANALYZER_NUMBER_OBJECT_CONVERSION = YES_AGGRESSIVE;
				CLANG_CXX_LANGUAGE_STANDARD = "gnu++17";
				CLANG_CXX_LIBRARY = "libc++";
				CLANG_ENABLE_MODULES = YES;
				CLANG_ENABLE_OBJC_ARC = YES;
				CLANG_ENABLE_OBJC_WEAK = YES;
				CLANG_WARN_BLOCK_CAPTURE_AUTORELEASING = YES;
				CLANG_WARN_BOOL_CONVERSION = YES;
				CLANG_WARN_COMMA = YES;
				CLANG_WARN_CONSTANT_CONVERSION = YES;
				CLANG_WARN_DEPRECATED_OBJC_IMPLEMENTATIONS = YES;
				CLANG_WARN_DIRECT_OBJC_ISA_USAGE = YES_ERROR;
				CLANG_WARN_DOCUMENTATION_COMMENTS = YES;
				CLANG_WARN_EMPTY_BODY = YES;
				CLANG_WARN_ENUM_CONVERSION = YES;
				CLANG_WARN_INFINITE_RECURSION = YES;
				CLANG_WARN_INT_CONVERSION = YES;
				CLANG_WARN_NON_LITERAL_NULL_CONVERSION = YES;
				CLANG_WARN_OBJC_IMPLICIT_RETAIN_SELF = YES;
				CLANG_WARN_OBJC_LITERAL_CONVERSION = YES;
				CLANG_WARN_OBJC_ROOT_CLASS = YES_ERROR;
				CLANG_WARN_QUOTED_INCLUDE_IN_FRAMEWORK_HEADER = YES;
				CLANG_WARN_RANGE_LOOP_ANALYSIS = YES;
				CLANG_WARN_STRICT_PROTOTYPES = YES;
				CLANG_WARN_SUSPICIOUS_MOVE = YES;
				CLANG_WARN_UNGUARDED_AVAILABILITY = YES_AGGRESSIVE;
				CLANG_WARN_UNREACHABLE_CODE = YES;
				CLANG_WARN__DUPLICATE_METHOD_MATCH = YES;
				COPY_PHASE_STRIP = NO;
				DEBUG_INFORMATION_FORMAT = "dwarf-with-dsym";
				ENABLE_NS_ASSERTIONS = NO;
				ENABLE_STRICT_OBJC_MSGSEND = YES;
				ENABLE_TESTABILITY = YES;
				GCC_C_LANGUAGE_STANDARD = gnu11;
				GCC_NO_COMMON_BLOCKS = YES;
				GCC_WARN_64_TO_32_BIT_CONVERSION = YES;
				GCC_WARN_ABOUT_RETURN_TYPE = YES_ERROR;
				GCC_WARN_UNDECLARED_SELECTOR = YES;
				GCC_WARN_UNINITIALIZED_AUTOS = YES_AGGRESSIVE;
				GCC_WARN_UNUSED_FUNCTION = YES;
				GCC_WARN_UNUSED_VARIABLE = YES;
				INFOPLIST_FILE = RxTreandingMovies/Info.plist;
				IPHONEOS_DEPLOYMENT_TARGET = 15.2;
				MTL_ENABLE_DEBUG_INFO = NO;
				MTL_FAST_MATH = YES;
				SDKROOT = iphoneos;
				SWIFT_COMPILATION_MODE = wholemodule;
				SWIFT_OPTIMIZATION_LEVEL = "-O";
				VALIDATE_PRODUCT = YES;
			};
			name = Release;
		};
		D6FA61D1286DD30A002FBC4E /* Debug */ = {
			isa = XCBuildConfiguration;
			baseConfigurationReference = E1FE836C3270C4EDCB032A47 /* Pods-RxTreandingMovies.debug.xcconfig */;
			buildSettings = {
				ASSETCATALOG_COMPILER_APPICON_NAME = AppIcon;
				ASSETCATALOG_COMPILER_GLOBAL_ACCENT_COLOR_NAME = AccentColor;
				CODE_SIGN_STYLE = Automatic;
				CURRENT_PROJECT_VERSION = 1;
				DEBUG_INFORMATION_FORMAT = "dwarf-with-dsym";
				GENERATE_INFOPLIST_FILE = YES;
				INFOPLIST_FILE = RxTreandingMovies/Info.plist;
				INFOPLIST_KEY_UIApplicationSupportsIndirectInputEvents = YES;
				INFOPLIST_KEY_UILaunchStoryboardName = LaunchScreen;
				INFOPLIST_KEY_UIMainStoryboardFile = Main;
				INFOPLIST_KEY_UISupportedInterfaceOrientations_iPad = "UIInterfaceOrientationPortrait UIInterfaceOrientationPortraitUpsideDown UIInterfaceOrientationLandscapeLeft UIInterfaceOrientationLandscapeRight";
				INFOPLIST_KEY_UISupportedInterfaceOrientations_iPhone = "UIInterfaceOrientationPortrait UIInterfaceOrientationLandscapeLeft UIInterfaceOrientationLandscapeRight";
				LD_RUNPATH_SEARCH_PATHS = (
					"$(inherited)",
					"@executable_path/Frameworks",
				);
				MARKETING_VERSION = 1.0;
				PRODUCT_BUNDLE_IDENTIFIER = com.rxmanage.RxManagement;
				PRODUCT_NAME = "$(TARGET_NAME)";
				SWIFT_EMIT_LOC_STRINGS = YES;
				SWIFT_VERSION = 5.0;
				TARGETED_DEVICE_FAMILY = "1,2";
			};
			name = Debug;
		};
		D6FA61D2286DD30A002FBC4E /* Release */ = {
			isa = XCBuildConfiguration;
			baseConfigurationReference = 7C5F2247B7F205B189DF89AB /* Pods-RxTreandingMovies.release.xcconfig */;
			buildSettings = {
				ASSETCATALOG_COMPILER_APPICON_NAME = AppIcon;
				ASSETCATALOG_COMPILER_GLOBAL_ACCENT_COLOR_NAME = AccentColor;
				CODE_SIGN_STYLE = Automatic;
				CURRENT_PROJECT_VERSION = 1;
				GENERATE_INFOPLIST_FILE = YES;
				INFOPLIST_FILE = RxTreandingMovies/Info.plist;
				INFOPLIST_KEY_UIApplicationSupportsIndirectInputEvents = YES;
				INFOPLIST_KEY_UILaunchStoryboardName = LaunchScreen;
				INFOPLIST_KEY_UIMainStoryboardFile = Main;
				INFOPLIST_KEY_UISupportedInterfaceOrientations_iPad = "UIInterfaceOrientationPortrait UIInterfaceOrientationPortraitUpsideDown UIInterfaceOrientationLandscapeLeft UIInterfaceOrientationLandscapeRight";
				INFOPLIST_KEY_UISupportedInterfaceOrientations_iPhone = "UIInterfaceOrientationPortrait UIInterfaceOrientationLandscapeLeft UIInterfaceOrientationLandscapeRight";
				LD_RUNPATH_SEARCH_PATHS = (
					"$(inherited)",
					"@executable_path/Frameworks",
				);
				MARKETING_VERSION = 1.0;
				PRODUCT_BUNDLE_IDENTIFIER = com.rxmanage.RxManagement;
				PRODUCT_NAME = "$(TARGET_NAME)";
				SWIFT_EMIT_LOC_STRINGS = YES;
				SWIFT_VERSION = 5.0;
				TARGETED_DEVICE_FAMILY = "1,2";
			};
			name = Release;
		};
		D6FA61D4286DD30A002FBC4E /* Debug */ = {
			isa = XCBuildConfiguration;
			baseConfigurationReference = 2852DB521677D0CA6C752E7B /* Pods-RxTreandingMoviesTests.debug.xcconfig */;
			buildSettings = {
				ALWAYS_EMBED_SWIFT_STANDARD_LIBRARIES = YES;
				BUNDLE_LOADER = "$(TEST_HOST)";
				CODE_SIGN_STYLE = Automatic;
				CURRENT_PROJECT_VERSION = 1;
				GENERATE_INFOPLIST_FILE = YES;
				INFOPLIST_FILE = RxTreandingMovies/Info.plist;
				IPHONEOS_DEPLOYMENT_TARGET = 15.2;
				MARKETING_VERSION = 1.0;
				PRODUCT_BUNDLE_IDENTIFIER = com.rxmanage.RxManagementTests;
				PRODUCT_NAME = "$(TARGET_NAME)";
				SWIFT_EMIT_LOC_STRINGS = NO;
				SWIFT_INCLUDE_PATHS = "";
				SWIFT_VERSION = 5.0;
				TARGETED_DEVICE_FAMILY = "1,2";
				TEST_HOST = "$(BUILT_PRODUCTS_DIR)/RxManagement.app/RxManagement";
			};
			name = Debug;
		};
		D6FA61D5286DD30A002FBC4E /* Release */ = {
			isa = XCBuildConfiguration;
			baseConfigurationReference = B5863148EB16D4B285FA656E /* Pods-RxTreandingMoviesTests.release.xcconfig */;
			buildSettings = {
				ALWAYS_EMBED_SWIFT_STANDARD_LIBRARIES = YES;
				BUNDLE_LOADER = "$(TEST_HOST)";
				CODE_SIGN_STYLE = Automatic;
				CURRENT_PROJECT_VERSION = 1;
				GENERATE_INFOPLIST_FILE = YES;
				INFOPLIST_FILE = RxTreandingMovies/Info.plist;
				IPHONEOS_DEPLOYMENT_TARGET = 15.2;
				MARKETING_VERSION = 1.0;
				PRODUCT_BUNDLE_IDENTIFIER = com.rxmanage.RxManagementTests;
				PRODUCT_NAME = "$(TARGET_NAME)";
				SWIFT_EMIT_LOC_STRINGS = NO;
				SWIFT_INCLUDE_PATHS = "";
				SWIFT_VERSION = 5.0;
				TARGETED_DEVICE_FAMILY = "1,2";
				TEST_HOST = "$(BUILT_PRODUCTS_DIR)/RxManagement.app/RxManagement";
			};
			name = Release;
		};
		D6FA61D7286DD30A002FBC4E /* Debug */ = {
			isa = XCBuildConfiguration;
			baseConfigurationReference = 287DF4E5D494BC0B1CA88915 /* Pods-RxTreandingMovies-RxTreandingMoviesUITests.debug.xcconfig */;
			buildSettings = {
				ALWAYS_EMBED_SWIFT_STANDARD_LIBRARIES = YES;
				CODE_SIGN_STYLE = Automatic;
				CURRENT_PROJECT_VERSION = 1;
				GENERATE_INFOPLIST_FILE = YES;
				INFOPLIST_FILE = RxTreandingMovies/Info.plist;
				MARKETING_VERSION = 1.0;
				PRODUCT_BUNDLE_IDENTIFIER = com.rxmanage.RxManagementUITests;
				PRODUCT_NAME = "$(TARGET_NAME)";
				SWIFT_EMIT_LOC_STRINGS = NO;
				SWIFT_VERSION = 5.0;
				TARGETED_DEVICE_FAMILY = "1,2";
				TEST_TARGET_NAME = RxTreandingMovies;
			};
			name = Debug;
		};
		D6FA61D8286DD30A002FBC4E /* Release */ = {
			isa = XCBuildConfiguration;
			baseConfigurationReference = D270822A4E691413963A86EB /* Pods-RxTreandingMovies-RxTreandingMoviesUITests.release.xcconfig */;
			buildSettings = {
				ALWAYS_EMBED_SWIFT_STANDARD_LIBRARIES = YES;
				CODE_SIGN_STYLE = Automatic;
				CURRENT_PROJECT_VERSION = 1;
				GENERATE_INFOPLIST_FILE = YES;
				INFOPLIST_FILE = RxTreandingMovies/Info.plist;
				MARKETING_VERSION = 1.0;
				PRODUCT_BUNDLE_IDENTIFIER = com.rxmanage.RxManagementUITests;
				PRODUCT_NAME = "$(TARGET_NAME)";
				SWIFT_EMIT_LOC_STRINGS = NO;
				SWIFT_VERSION = 5.0;
				TARGETED_DEVICE_FAMILY = "1,2";
				TEST_TARGET_NAME = RxTreandingMovies;
			};
			name = Release;
		};
/* End XCBuildConfiguration section */

/* Begin XCConfigurationList section */
		D6FA61A1286DD308002FBC4E /* Build configuration list for PBXProject "RxTreandingMovies" */ = {
			isa = XCConfigurationList;
			buildConfigurations = (
				D6FA61CE286DD30A002FBC4E /* Debug */,
				D6FA61CF286DD30A002FBC4E /* Release */,
			);
			defaultConfigurationIsVisible = 0;
			defaultConfigurationName = Release;
		};
		D6FA61D0286DD30A002FBC4E /* Build configuration list for PBXNativeTarget "RxTreandingMovies" */ = {
			isa = XCConfigurationList;
			buildConfigurations = (
				D6FA61D1286DD30A002FBC4E /* Debug */,
				D6FA61D2286DD30A002FBC4E /* Release */,
			);
			defaultConfigurationIsVisible = 0;
			defaultConfigurationName = Release;
		};
		D6FA61D3286DD30A002FBC4E /* Build configuration list for PBXNativeTarget "RxTreandingMoviesTests" */ = {
			isa = XCConfigurationList;
			buildConfigurations = (
				D6FA61D4286DD30A002FBC4E /* Debug */,
				D6FA61D5286DD30A002FBC4E /* Release */,
			);
			defaultConfigurationIsVisible = 0;
			defaultConfigurationName = Release;
		};
		D6FA61D6286DD30A002FBC4E /* Build configuration list for PBXNativeTarget "RxTreandingMoviesUITests" */ = {
			isa = XCConfigurationList;
			buildConfigurations = (
				D6FA61D7286DD30A002FBC4E /* Debug */,
				D6FA61D8286DD30A002FBC4E /* Release */,
			);
			defaultConfigurationIsVisible = 0;
			defaultConfigurationName = Release;
		};
/* End XCConfigurationList section */
	};
	rootObject = D6FA619E286DD308002FBC4E /* Project object */;
}
